
Microsoft Visual Studio Solution File, Format Version 12.00
# Visual Studio Version 17
VisualStudioVersion = 17.2.32519.379
MinimumVisualStudioVersion = 10.0.40219.1
Project("{FAE04EC0-301F-11D3-BF4B-00C04F79EFBC}") = "Playground", "Playground\Playground.csproj", "{4E986BE7-6EAA-461C-8AA8-2A36E66F93B6}"
EndProject
Global
	GlobalSection(SolutionConfigurationPlatforms) = preSolution
		Debug|Any CPU = Debug|Any CPU
		Release|Any CPU = Release|Any CPU
	EndGlobalSection
	GlobalSection(ProjectConfigurationPlatforms) = postSolution
		{4E986BE7-6EAA-461C-8AA8-2A36E66F93B6}.Debug|Any CPU.ActiveCfg = Debug|Any CPU
		{4E986BE7-6EAA-461C-8AA8-2A36E66F93B6}.Debug|Any CPU.Build.0 = Debug|Any CPU
		{4E986BE7-6EAA-461C-8AA8-2A36E66F93B6}.Release|Any CPU.ActiveCfg = Release|Any CPU
		{4E986BE7-6EAA-461C-8AA8-2A36E66F93B6}.Release|Any CPU.Build.0 = Release|Any CPU
	EndGlobalSection
	GlobalSection(SolutionProperties) = preSolution
		HideSolutionNode = FALSE
	EndGlobalSection
	GlobalSection(ExtensibilityGlobals) = postSolution
		SolutionGuid = {C8327190-9052-46D6-A7F2-16EB65432077}
	EndGlobalSection
EndGlobal
